{
  "name": "white-lp-factory-local-runner",
  "version": "1.0.0",
  "lockfileVersion": 3,
  "requires": true,
  "packages": {
    "": {
      "name": "white-lp-factory-local-runner",
      "version": "1.0.0",
      "dependencies": {
        "@php-wasm/node": "^3.1.39",
        "@php-wasm/universal": "^3.1.39"
      }
    },
    "node_modules/@nodable/entities": {
      "version": "2.2.0",
      "resolved": "https://registry.npmjs.org/@nodable/entities/-/entities-2.2.0.tgz",
      "integrity": "sha512-9uGyhaQavEUMC8AIddIjau4NsnsXhou+j5sBAGojCM1oxmQpVKTWR/9JxABD6UAv12vpIms55fPZKFQEhG6uBg==",
      "funding": [
        {
          "type": "github",
          "url": "https://github.com/sponsors/nodable"
        }
      ],
      "license": "MIT"
    },
    "node_modules/@php-wasm/cli-util": {
      "version": "3.1.39",
      "resolved": "https://registry.npmjs.org/@php-wasm/cli-util/-/cli-util-3.1.39.tgz",
      "integrity": "sha512-iTIl+OjzLIBtq6n6zOZc4kwZkORKZxSop/NWTgSoQLsNtJyhuEDobsCZz+9nYqYXiDCLqxykk118cgjuX9AWJg==",
      "license": "GPL-2.0-or-later",
      "dependencies": {
        "@php-wasm/util": "3.1.39",
        "fast-xml-parser": "^5.8.0",
        "jsonc-parser": "3.3.1"
      },
      "engines": {
        "node": ">=20.10.0",
        "npm": ">=10.2.3"
      }
    },
    "node_modules/@php-wasm/logger": {
      "version": "3.1.39",
      "resolved": "https://registry.npmjs.org/@php-wasm/logger/-/logger-3.1.39.tgz",
      "integrity": "sha512-sdLLr2ibxdDFYdyBfYJQ7aToT2cLjwYYGFST3X4bx5Kb8N46952vt2LxsBoPH9cwqDmI3/ICuQVGkn9vwoSL0g==",
      "license": "GPL-2.0-or-later",
      "engines": {
        "node": ">=20.10.0",
        "npm": ">=10.2.3"
      }
    },
    "node_modules/@php-wasm/node": {
      "version": "3.1.39",
      "resolved": "https://registry.npmjs.org/@php-wasm/node/-/node-3.1.39.tgz",
      "integrity": "sha512-8jF4AQzey2I9fGPJeMK8w2pjcuEWZJVOURmEMA1g2vo90mad2gxQo2q2dNAXOvsSrYg7zazPseF+3jihQXishg==",
      "license": "GPL-2.0-or-later",
      "dependencies": {
        "@php-wasm/cli-util": "3.1.39",
        "@php-wasm/logger": "3.1.39",
        "@php-wasm/node-5-2": "3.1.39",
        "@php-wasm/node-7-4": "3.1.39",
        "@php-wasm/node-8-0": "3.1.39",
        "@php-wasm/node-8-1": "3.1.39",
        "@php-wasm/node-8-2": "3.1.39",
        "@php-wasm/node-8-3": "3.1.39",
        "@php-wasm/node-8-4": "3.1.39",
        "@php-wasm/node-8-5": "3.1.39",
        "@php-wasm/universal": "3.1.39",
        "@php-wasm/util": "3.1.39",
        "fs-ext-extra-prebuilt": "2.2.7",
        "wasm-feature-detect": "1.8.0",
        "ws": "8.21.0"
      },
      "engines": {
        "node": ">=20.10.0",
        "npm": ">=10.2.3"
      }
    },
    "node_modules/@php-wasm/node-5-2": {
      "version": "3.1.39",
      "resolved": "https://registry.npmjs.org/@php-wasm/node-5-2/-/node-5-2-3.1.39.tgz",
      "integrity": "sha512-Bv/ruZ1uNtoJTcm/MVC3sBJ7lFCkNw4MhGdYXOn1iHGsZHsUc5hjmYbdJ/k9+xb0aMmqR988gLfKJZo9bnk1dg==",
      "license": "GPL-2.0-or-later",
      "dependencies": {
        "@php-wasm/universal": "3.1.39",
        "wasm-feature-detect": "1.8.0"
      },
      "engines": {
        "node": ">=20.10.0",
        "npm": ">=10.2.3"
      }
    },
    "node_modules/@php-wasm/node-7-4": {
      "version": "3.1.39",
      "resolved": "https://registry.npmjs.org/@php-wasm/node-7-4/-/node-7-4-3.1.39.tgz",
      "integrity": "sha512-iAbgN+821PFVTrVYsOWcqWHUytayF2/wpxmsQ8G84ygr9jt9AeEKhvPnfEefaY7ZVDD/4uabVKs69yeQoT47Gw==",
      "license": "GPL-2.0-or-later",
      "dependencies": {
        "@php-wasm/universal": "3.1.39",
        "wasm-feature-detect": "1.8.0"
      },
      "engines": {
        "node": ">=20.10.0",
        "npm": ">=10.2.3"
      }
    },
    "node_modules/@php-wasm/node-8-0": {
      "version": "3.1.39",
      "resolved": "https://registry.npmjs.org/@php-wasm/node-8-0/-/node-8-0-3.1.39.tgz",
      "integrity": "sha512-AyNU4eZYvLljStAfvLgI+IheJLYnhAFm/ZSdM6ZtIzukAHJQtWBmNqDw/qCsySbNYT5McdAxOOFh8olvaGIe8w==",
      "license": "GPL-2.0-or-later",
      "dependencies": {
        "@php-wasm/universal": "3.1.39",
        "wasm-feature-detect": "1.8.0"
      },
      "engines": {
        "node": ">=20.10.0",
        "npm": ">=10.2.3"
      }
    },
    "node_modules/@php-wasm/node-8-1": {
      "version": "3.1.39",
      "resolved": "https://registry.npmjs.org/@php-wasm/node-8-1/-/node-8-1-3.1.39.tgz",
      "integrity": "sha512-OvSmwfxen5sWA+PR44z/5lL+DY0kabtdE0ZO/J9+K3UZCy26I7Sa6tZkFaklCr7iEObTZ4l5fxx+TLwftRHxHQ==",
      "license": "GPL-2.0-or-later",
      "dependencies": {
        "@php-wasm/universal": "3.1.39",
        "wasm-feature-detect": "1.8.0"
      },
      "engines": {
        "node": ">=20.10.0",
        "npm": ">=10.2.3"
      }
    },
    "node_modules/@php-wasm/node-8-2": {
      "version": "3.1.39",
      "resolved": "https://registry.npmjs.org/@php-wasm/node-8-2/-/node-8-2-3.1.39.tgz",
      "integrity": "sha512-kkSw71/QCdxUf8lS1ax+bZD7eXLxETXIMyuompZ546JTUIYH6kSh+umgftO6TQeu00EN+o5F+vbl8gbtpVHCXg==",
      "license": "GPL-2.0-or-later",
      "dependencies": {
        "@php-wasm/universal": "3.1.39",
        "wasm-feature-detect": "1.8.0"
      },
      "engines": {
        "node": ">=20.10.0",
        "npm": ">=10.2.3"
      }
    },
    "node_modules/@php-wasm/node-8-3": {
      "version": "3.1.39",
      "resolved": "https://registry.npmjs.org/@php-wasm/node-8-3/-/node-8-3-3.1.39.tgz",
      "integrity": "sha512-NYU9uFNX9Ou+kr16zaePPudTSKcUoEoB6lz1uC1sQbDZG2DUur4meDPE/NE0IyRMTwju55a+r/3Zv1Quaz347Q==",
      "license": "GPL-2.0-or-later",
      "dependencies": {
        "@php-wasm/universal": "3.1.39",
        "wasm-feature-detect": "1.8.0"
      },
      "engines": {
        "node": ">=20.10.0",
        "npm": ">=10.2.3"
      }
    },
    "node_modules/@php-wasm/node-8-4": {
      "version": "3.1.39",
      "resolved": "https://registry.npmjs.org/@php-wasm/node-8-4/-/node-8-4-3.1.39.tgz",
      "integrity": "sha512-KvJpejnfUrpUOIt6XcTv8XhMPw5a0N/MXnX+L+p7ITFp0oDBvzwU1nEnRmTHa7yDZplD3Eq3anFxIJApuQZLCg==",
      "license": "GPL-2.0-or-later",
      "dependencies": {
        "@php-wasm/universal": "3.1.39",
        "wasm-feature-detect": "1.8.0"
      },
      "engines": {
        "node": ">=20.10.0",
        "npm": ">=10.2.3"
      }
    },
    "node_modules/@php-wasm/node-8-5": {
      "version": "3.1.39",
      "resolved": "https://registry.npmjs.org/@php-wasm/node-8-5/-/node-8-5-3.1.39.tgz",
      "integrity": "sha512-Qg7a3tfE5ZGSi+UUgYfAJZr2EYqUtTTzVuv3ZTlXovjjcxlsmFsknpA0eWBpnOHxflEOYtKRY7vP/UBP0fCrhQ==",
      "license": "GPL-2.0-or-later",
      "dependencies": {
        "@php-wasm/universal": "3.1.39",
        "wasm-feature-detect": "1.8.0"
      },
      "engines": {
        "node": ">=20.10.0",
        "npm": ">=10.2.3"
      }
    },
    "node_modules/@php-wasm/progress": {
      "version": "3.1.39",
      "resolved": "https://registry.npmjs.org/@php-wasm/progress/-/progress-3.1.39.tgz",
      "integrity": "sha512-PXgVsFleVnHtwdKnyiUiCJc/WBiHQ3OMw2qH+/q7li1GiRcD6ouRokE340YjgVfUqyiHX3yGBevVtZyJ+OKk+Q==",
      "license": "GPL-2.0-or-later",
      "dependencies": {
        "@php-wasm/logger": "3.1.39"
      },
      "engines": {
        "node": ">=20.10.0",
        "npm": ">=10.2.3"
      }
    },
    "node_modules/@php-wasm/stream-compression": {
      "version": "3.1.39",
      "resolved": "https://registry.npmjs.org/@php-wasm/stream-compression/-/stream-compression-3.1.39.tgz",
      "integrity": "sha512-AYOweRcxiBYIq81VOraFiqL3TBwSbluJr/2Qkc1wCIUC5NSmIpF7BLO0kV43XJHYtfdFHmVzlHy4QuEDborAUA==",
      "license": "GPL-2.0-or-later",
      "dependencies": {
        "@php-wasm/util": "3.1.39"
      }
    },
    "node_modules/@php-wasm/universal": {
      "version": "3.1.39",
      "resolved": "https://registry.npmjs.org/@php-wasm/universal/-/universal-3.1.39.tgz",
      "integrity": "sha512-bG2z+2xz23VEmWesCOsiLciv0sjip4EOpKLm+m5vpXVxdmGqVII61KXlSLIloxf2bFzdhutOi6Y9Z6QY6mU90g==",
      "license": "GPL-2.0-or-later",
      "dependencies": {
        "@php-wasm/logger": "3.1.39",
        "@php-wasm/progress": "3.1.39",
        "@php-wasm/stream-compression": "3.1.39",
        "@php-wasm/util": "3.1.39",
        "ini": "4.1.2"
      },
      "engines": {
        "node": ">=20.10.0",
        "npm": ">=10.2.3"
      }
    },
    "node_modules/@php-wasm/util": {
      "version": "3.1.39",
      "resolved": "https://registry.npmjs.org/@php-wasm/util/-/util-3.1.39.tgz",
      "integrity": "sha512-BIvYCa//iYe7U3kH6Rzcqs5w7Cz3E0Dp7TEAye4/VSBFVuQVRv+5OZrMgzJ3BBgmpRLuYJnoph193MIQC69O3A==",
      "engines": {
        "node": ">=20.10.0",
        "npm": ">=10.2.3"
      }
    },
    "node_modules/anynum": {
      "version": "1.0.1",
      "resolved": "https://registry.npmjs.org/anynum/-/anynum-1.0.1.tgz",
      "integrity": "sha512-N6//FLET/tXYNM/F6ABca1oH6fWB+KlTt909Le28WMDBk8oaT4vY17DCrwg2MvmuqUKt3Ni4N5dGJ/EoBgcO6A==",
      "funding": [
        {
          "type": "github",
          "url": "https://github.com/sponsors/NaturalIntelligence"
        }
      ],
      "license": "MIT"
    },
    "node_modules/fast-xml-builder": {
      "version": "1.2.0",
      "resolved": "https://registry.npmjs.org/fast-xml-builder/-/fast-xml-builder-1.2.0.tgz",
      "integrity": "sha512-00aAWieqff+ZJhsXA4g1g7M8k+7AYoMUUHF+/zFb5U6Uv/P0Vl4QZo84/IcufzYalLuEj9928bXN9PbbFzMF0Q==",
      "funding": [
        {
          "type": "github",
          "url": "https://github.com/sponsors/NaturalIntelligence"
        }
      ],
      "license": "MIT",
      "dependencies": {
        "path-expression-matcher": "^1.5.0",
        "xml-naming": "^0.1.0"
      }
    },
    "node_modules/fast-xml-parser": {
      "version": "5.9.2",
      "resolved": "https://registry.npmjs.org/fast-xml-parser/-/fast-xml-parser-5.9.2.tgz",
      "integrity": "sha512-DYPkXnVSJHAGAkSBeVYhEo/seIpz2SLr9OQcX7m6lXaX3gvoB+DCKzFdZIEhZGI3I1DUhObBAUOT/v2xfoXz/w==",
      "funding": [
        {
          "type": "github",
          "url": "https://github.com/sponsors/NaturalIntelligence"
        }
      ],
      "license": "MIT",
      "dependencies": {
        "@nodable/entities": "^2.2.0",
        "fast-xml-builder": "^1.2.0",
        "is-unsafe": "^1.0.1",
        "path-expression-matcher": "^1.5.0",
        "strnum": "^2.4.0",
        "xml-naming": "^0.1.0"
      },
      "bin": {
        "fxparser": "src/cli/cli.js"
      }
    },
    "node_modules/fs-ext-extra-prebuilt": {
      "version": "2.2.7",
      "resolved": "https://registry.npmjs.org/fs-ext-extra-prebuilt/-/fs-ext-extra-prebuilt-2.2.7.tgz",
      "integrity": "sha512-Q7rayYRBDIvDF01HWOwSSjoaP+05N1g+o3BXL1Zf8Frw2JkjSmi4EtvCBITuW30l6hB2m2TW1pehdh8wyU/+gw==",
      "hasInstallScript": true,
      "license": "MIT",
      "dependencies": {
        "nan": "^2.24.0"
      },
      "engines": {
        "node": ">= 8.0.0"
      }
    },
    "node_modules/ini": {
      "version": "4.1.2",
      "resolved": "https://registry.npmjs.org/ini/-/ini-4.1.2.tgz",
      "integrity": "sha512-AMB1mvwR1pyBFY/nSevUX6y8nJWS63/SzUKD3JyQn97s4xgIdgQPT75IRouIiBAN4yLQBUShNYVW0+UG25daCw==",
      "license": "ISC",
      "engines": {
        "node": "^14.17.0 || ^16.13.0 || >=18.0.0"
      }
    },
    "node_modules/is-unsafe": {
      "version": "1.0.1",
      "resolved": "https://registry.npmjs.org/is-unsafe/-/is-unsafe-1.0.1.tgz",
      "integrity": "sha512-CLK2+VdgERgD96EYm5lUQssZYlRg2tkZnbsxZoacmSiRxiFJ4Nk4SzjCl+Ur+v3kXIY9dTIdb3IH22y1mZ56LA==",
      "funding": [
        {
          "type": "github",
          "url": "https://github.com/sponsors/NaturalIntelligence"
        }
      ],
      "license": "MIT"
    },
    "node_modules/jsonc-parser": {
      "version": "3.3.1",
      "resolved": "https://registry.npmjs.org/jsonc-parser/-/jsonc-parser-3.3.1.tgz",
      "integrity": "sha512-HUgH65KyejrUFPvHFPbqOY0rsFip3Bo5wb4ngvdi1EpCYWUQDC5V+Y7mZws+DLkr4M//zQJoanu1SP+87Dv1oQ==",
      "license": "MIT"
    },
    "node_modules/nan": {
      "version": "2.27.0",
      "resolved": "https://registry.npmjs.org/nan/-/nan-2.27.0.tgz",
      "integrity": "sha512-hC+0LidcL3XE4rp1C4H54KujgXKzbfyTngZTwBByQxsOxCEKZT0MPQ4hOKUH2jU1OYstqdDH4onyHPDzcV0XdQ==",
      "license": "MIT"
    },
    "node_modules/path-expression-matcher": {
      "version": "1.5.0",
      "resolved": "https://registry.npmjs.org/path-expression-matcher/-/path-expression-matcher-1.5.0.tgz",
      "integrity": "sha512-cbrerZV+6rvdQrrD+iGMcZFEiiSrbv9Tfdkvnusy6y0x0GKBXREFg/Y65GhIfm0tnLntThhzCnfKwp1WRjeCyQ==",
      "funding": [
        {
          "type": "github",
          "url": "https://github.com/sponsors/NaturalIntelligence"
        }
      ],
      "license": "MIT",
      "engines": {
        "node": ">=14.0.0"
      }
    },
    "node_modules/strnum": {
      "version": "2.4.1",
      "resolved": "https://registry.npmjs.org/strnum/-/strnum-2.4.1.tgz",
      "integrity": "sha512-M9eUSMT2dCB2cTNPG7UYj6KuK7RJR2SN2+yCV/fTW3xzTCS6EaGZ5pSMgDIjB7r8zSfTGk+dvvn9rTjpVS9Mwg==",
      "funding": [
        {
          "type": "github",
          "url": "https://github.com/sponsors/NaturalIntelligence"
        }
      ],
      "license": "MIT",
      "dependencies": {
        "anynum": "^1.0.1"
      }
    },
    "node_modules/wasm-feature-detect": {
      "version": "1.8.0",
      "resolved": "https://registry.npmjs.org/wasm-feature-detect/-/wasm-feature-detect-1.8.0.tgz",
      "integrity": "sha512-zksaLKM2fVlnB5jQQDqKXXwYHLQUVH9es+5TOOHwGOVJOCeRBCiPjwSg+3tN2AdTCzjgli4jijCH290kXb/zWQ==",
      "license": "Apache-2.0"
    },
    "node_modules/ws": {
      "version": "8.21.0",
      "resolved": "https://registry.npmjs.org/ws/-/ws-8.21.0.tgz",
      "integrity": "sha512-Vsp28b7DRcimFQvrqu2Wek3z1iYxDCWqHYB8Qsnk/S4RfaCQzPGPyBNuVjJV3cd6UiKtUtp6sNM77gWvzcCH+g==",
      "license": "MIT",
      "engines": {
        "node": ">=10.0.0"
      },
      "peerDependencies": {
        "bufferutil": "^4.0.1",
        "utf-8-validate": ">=5.0.2"
      },
      "peerDependenciesMeta": {
        "bufferutil": {
          "optional": true
        },
        "utf-8-validate": {
          "optional": true
        }
      }
    },
    "node_modules/xml-naming": {
      "version": "0.1.0",
      "resolved": "https://registry.npmjs.org/xml-naming/-/xml-naming-0.1.0.tgz",
      "integrity": "sha512-k8KO9hrMyNk6tUWqUfkTEZbezRRpONVOzUTnc97VnCvyj6Tf9lyUR9EDAIeiVLv56jsMcoXEwjW8Kv5yPY52lw==",
      "funding": [
        {
          "type": "github",
          "url": "https://github.com/sponsors/NaturalIntelligence"
        }
      ],
      "license": "MIT",
      "engines": {
        "node": ">=16.0.0"
      }
    }
  }
}
